{
  "name": "@beplus/be",
  "version": "0.7.0",
  "lockfileVersion": 2,
  "requires": true,
  "packages": {
    "": {
      "name": "@beplus/be",
      "version": "0.7.0",
      "license": "MIT",
      "os": [
        "!win32"
      ],
      "bin": {
        "be": "bin/be"
      },
      "devDependencies": {
        "bats": "1.8.2",
        "bats-assert": "2.2.4",
        "bats-support": "0.3.0"
      },
      "engines": {
        "node": "*"
      }
    },
    "node_modules/bats": {
      "version": "1.8.2",
      "resolved": "https://registry.npmjs.org/bats/-/bats-1.8.2.tgz",
      "integrity": "sha512-KLUIaPYuIMjqui8MbZmK84+CiwhjFVFAhFy5PXP0prLbkovc5faVzc+Qaowbz76F97zP573JrF31ODFAH7vzhg==",
      "dev": true,
      "bin": {
        "bats": "bin/bats"
      }
    },
    "node_modules/bats-assert": {
      "version": "2.2.4",
      "resolved": "https://registry.npmjs.org/bats-assert/-/bats-assert-2.2.4.tgz",
      "integrity": "sha512-EcaY4Z+Tbz1c7pnC1SrVSq0epr7tLwFpz6qt7KUW9K8uSw8V12DTfH9d2HxZWvBEATaCuMsZ7KoZMFiSQPRoXw==",
      "dev": true,
      "license": "CC0-1.0",
      "peerDependencies": {
        "bats": "0.4 || ^1",
        "bats-support": "^0.3"
      }
    },
    "node_modules/bats-support": {
      "version": "0.3.0",
      "resolved": "https://registry.npmjs.org/bats-support/-/bats-support-0.3.0.tgz",
      "integrity": "sha512-z+2WzXbI4OZgLnynydqH8GpI3+DcOtepO66PlK47SfEzTkiuV9hxn9eIQX+uLVFbt2Oqoc7Ky3TJ/N83lqD+cg==",
      "dev": true,
      "license": "CC0-1.0",
      "peerDependencies": {
        "bats": "0.4 || ^1"
      }
    }
  },
  "dependencies": {
    "bats": {
      "version": "1.8.2",
      "resolved": "https://registry.npmjs.org/bats/-/bats-1.8.2.tgz",
      "integrity": "sha512-KLUIaPYuIMjqui8MbZmK84+CiwhjFVFAhFy5PXP0prLbkovc5faVzc+Qaowbz76F97zP573JrF31ODFAH7vzhg==",
      "dev": true
    },
    "bats-assert": {
      "version": "2.2.4",
      "resolved": "https://registry.npmjs.org/bats-assert/-/bats-assert-2.2.4.tgz",
      "integrity": "sha512-EcaY4Z+Tbz1c7pnC1SrVSq0epr7tLwFpz6qt7KUW9K8uSw8V12DTfH9d2HxZWvBEATaCuMsZ7KoZMFiSQPRoXw==",
      "dev": true,
      "requires": {}
    },
    "bats-support": {
      "version": "0.3.0",
      "resolved": "https://registry.npmjs.org/bats-support/-/bats-support-0.3.0.tgz",
      "integrity": "sha512-z+2WzXbI4OZgLnynydqH8GpI3+DcOtepO66PlK47SfEzTkiuV9hxn9eIQX+uLVFbt2Oqoc7Ky3TJ/N83lqD+cg==",
      "dev": true,
      "requires": {}
    }
  }
}
